
Microsoft Visual Studio Solution File, Format Version 12.00
# Visual Studio 15
VisualStudioVersion = 15.0.28307.902
MinimumVisualStudioVersion = 10.0.40219.1
Project("{FAE04EC0-301F-11D3-BF4B-00C04F79EFBC}") = "WebApi", "WebApi\WebApi.csproj", "{9EB2D190-E1C9-47B4-AFB9-383EB4517BEE}"
EndProject
Project("{FAE04EC0-301F-11D3-BF4B-00C04F79EFBC}") = "WebApplication3", "..\..\..\..\..\..\MyProject\WebApplication3\WebApplication3\WebApplication3.csproj", "{DC82F4D3-9D39-4B6A-8FEF-9B8291EFE1AF}"
EndProject
Project("{FAE04EC0-301F-11D3-BF4B-00C04F79EFBC}") = "EFModel", "EFModel\EFModel.csproj", "{ECEC520B-4E47-46E8-9F1B-EC210B7BD9B7}"
EndProject
Project("{FAE04EC0-301F-11D3-BF4B-00C04F79EFBC}") = "ProjectDBModel", "ProjectDBModel\ProjectDBModel.csproj", "{2625DFBF-BD6E-4A2F-94CC-F65968061D8B}"
EndProject
Project("{FAE04EC0-301F-11D3-BF4B-00C04F79EFBC}") = "ConsoleApp1", "ConsoleApp1\ConsoleApp1.csproj", "{E6F24903-A09D-43EA-AA4A-75D5B67982C3}"
EndProject
Project("{FAE04EC0-301F-11D3-BF4B-00C04F79EFBC}") = "DataProvider", "DataProvider\DataProvider.csproj", "{5B069127-2F97-4E8C-97A2-E82F53B00689}"
EndProject
Project("{FAE04EC0-301F-11D3-BF4B-00C04F79EFBC}") = "Project.BL", "Project.BL\Project.BL.csproj", "{8EBBEAA9-A62F-4AAC-9EC6-AE876BF7AB80}"
EndProject
Project("{FAE04EC0-301F-11D3-BF4B-00C04F79EFBC}") = "Project.BL.Interface", "Project.BL.Interface\Project.BL.Interface.csproj", "{65E0FED9-91DC-40C7-83A6-F9BC3A8B9007}"
EndProject
Project("{FAE04EC0-301F-11D3-BF4B-00C04F79EFBC}") = "UnitTestProject", "UnitTestProject\UnitTestProject.csproj", "{ACF7E82A-040E-45DF-9F04-9934E695B1C5}"
EndProject
Global
	GlobalSection(SolutionConfigurationPlatforms) = preSolution
		Debug|Any CPU = Debug|Any CPU
		Release|Any CPU = Release|Any CPU
	EndGlobalSection
	GlobalSection(ProjectConfigurationPlatforms) = postSolution
		{9EB2D190-E1C9-47B4-AFB9-383EB4517BEE}.Debug|Any CPU.ActiveCfg = Debug|Any CPU
		{9EB2D190-E1C9-47B4-AFB9-383EB4517BEE}.Debug|Any CPU.Build.0 = Debug|Any CPU
		{9EB2D190-E1C9-47B4-AFB9-383EB4517BEE}.Release|Any CPU.ActiveCfg = Release|Any CPU
		{9EB2D190-E1C9-47B4-AFB9-383EB4517BEE}.Release|Any CPU.Build.0 = Release|Any CPU
		{DC82F4D3-9D39-4B6A-8FEF-9B8291EFE1AF}.Debug|Any CPU.ActiveCfg = Debug|Any CPU
		{DC82F4D3-9D39-4B6A-8FEF-9B8291EFE1AF}.Debug|Any CPU.Build.0 = Debug|Any CPU
		{DC82F4D3-9D39-4B6A-8FEF-9B8291EFE1AF}.Release|Any CPU.ActiveCfg = Release|Any CPU
		{DC82F4D3-9D39-4B6A-8FEF-9B8291EFE1AF}.Release|Any CPU.Build.0 = Release|Any CPU
		{ECEC520B-4E47-46E8-9F1B-EC210B7BD9B7}.Debug|Any CPU.ActiveCfg = Debug|Any CPU
		{ECEC520B-4E47-46E8-9F1B-EC210B7BD9B7}.Debug|Any CPU.Build.0 = Debug|Any CPU
		{ECEC520B-4E47-46E8-9F1B-EC210B7BD9B7}.Release|Any CPU.ActiveCfg = Release|Any CPU
		{ECEC520B-4E47-46E8-9F1B-EC210B7BD9B7}.Release|Any CPU.Build.0 = Release|Any CPU
		{2625DFBF-BD6E-4A2F-94CC-F65968061D8B}.Debug|Any CPU.ActiveCfg = Debug|Any CPU
		{2625DFBF-BD6E-4A2F-94CC-F65968061D8B}.Debug|Any CPU.Build.0 = Debug|Any CPU
		{2625DFBF-BD6E-4A2F-94CC-F65968061D8B}.Release|Any CPU.ActiveCfg = Release|Any CPU
		{2625DFBF-BD6E-4A2F-94CC-F65968061D8B}.Release|Any CPU.Build.0 = Release|Any CPU
		{E6F24903-A09D-43EA-AA4A-75D5B67982C3}.Debug|Any CPU.ActiveCfg = Debug|Any CPU
		{E6F24903-A09D-43EA-AA4A-75D5B67982C3}.Debug|Any CPU.Build.0 = Debug|Any CPU
		{E6F24903-A09D-43EA-AA4A-75D5B67982C3}.Release|Any CPU.ActiveCfg = Release|Any CPU
		{E6F24903-A09D-43EA-AA4A-75D5B67982C3}.Release|Any CPU.Build.0 = Release|Any CPU
		{5B069127-2F97-4E8C-97A2-E82F53B00689}.Debug|Any CPU.ActiveCfg = Debug|Any CPU
		{5B069127-2F97-4E8C-97A2-E82F53B00689}.Debug|Any CPU.Build.0 = Debug|Any CPU
		{5B069127-2F97-4E8C-97A2-E82F53B00689}.Release|Any CPU.ActiveCfg = Release|Any CPU
		{5B069127-2F97-4E8C-97A2-E82F53B00689}.Release|Any CPU.Build.0 = Release|Any CPU
		{8EBBEAA9-A62F-4AAC-9EC6-AE876BF7AB80}.Debug|Any CPU.ActiveCfg = Debug|Any CPU
		{8EBBEAA9-A62F-4AAC-9EC6-AE876BF7AB80}.Debug|Any CPU.Build.0 = Debug|Any CPU
		{8EBBEAA9-A62F-4AAC-9EC6-AE876BF7AB80}.Release|Any CPU.ActiveCfg = Release|Any CPU
		{8EBBEAA9-A62F-4AAC-9EC6-AE876BF7AB80}.Release|Any CPU.Build.0 = Release|Any CPU
		{65E0FED9-91DC-40C7-83A6-F9BC3A8B9007}.Debug|Any CPU.ActiveCfg = Debug|Any CPU
		{65E0FED9-91DC-40C7-83A6-F9BC3A8B9007}.Debug|Any CPU.Build.0 = Debug|Any CPU
		{65E0FED9-91DC-40C7-83A6-F9BC3A8B9007}.Release|Any CPU.ActiveCfg = Release|Any CPU
		{65E0FED9-91DC-40C7-83A6-F9BC3A8B9007}.Release|Any CPU.Build.0 = Release|Any CPU
		{ACF7E82A-040E-45DF-9F04-9934E695B1C5}.Debug|Any CPU.ActiveCfg = Debug|Any CPU
		{ACF7E82A-040E-45DF-9F04-9934E695B1C5}.Debug|Any CPU.Build.0 = Debug|Any CPU
		{ACF7E82A-040E-45DF-9F04-9934E695B1C5}.Release|Any CPU.ActiveCfg = Release|Any CPU
		{ACF7E82A-040E-45DF-9F04-9934E695B1C5}.Release|Any CPU.Build.0 = Release|Any CPU
	EndGlobalSection
	GlobalSection(SolutionProperties) = preSolution
		HideSolutionNode = FALSE
	EndGlobalSection
	GlobalSection(ExtensibilityGlobals) = postSolution
		SolutionGuid = {42316B51-3C13-4A15-AB45-B0D36EB36B1E}
	EndGlobalSection
EndGlobal
